<?xml version="1.0" encoding="utf-8"?>
<Project ToolsVersion="4.0" xmlns="http://schemas.microsoft.com/developer/msbuild/2003">
  <ItemGroup>
    <Filter Include="Source Files">
      <UniqueIdentifier>{4FC737F1-C7A5-4376-A066-2A32D752A2FF}</UniqueIdentifier>
      <Extensions>cpp;c;cc;cxx;def;odl;idl;hpj;bat;asm;asmx</Extensions>
    </Filter>
    <Filter Include="Header Files">
      <UniqueIdentifier>{93995380-89BD-4b04-88EB-625FBE52EBFB}</UniqueIdentifier>
      <Extensions>h;hh;hpp;hxx;hm;inl;inc;xsd</Extensions>
    </Filter>
    <Filter Include="Resource Files">
      <UniqueIdentifier>{67DA6AB6-F800-4c08-8B7A-83BB121AAD01}</UniqueIdentifier>
      <Extensions>rc;ico;cur;bmp;dlg;rc2;rct;bin;rgs;gif;jpg;jpeg;jpe;resx;tiff;tif;png;wav;mfcribbon-ms</Extensions>
    </Filter>
  </ItemGroup>
  <ItemGroup>
    <Text Include="ReadMe.txt" />
  </ItemGroup>
  <ItemGroup>
    <ClInclude Include="dmrg.h">
      <Filter>Header Files</Filter>
    </ClInclude>
    <ClInclude Include="stdafx.h">
      <Filter>Header Files</Filter>
    </ClInclude>
    <ClInclude Include="targetver.h">
      <Filter>Header Files</Filter>
    </ClInclude>
    <ClInclude Include="MainFrm.h">
      <Filter>Header Files</Filter>
    </ClInclude>
    <ClInclude Include="dmrgDoc.h">
      <Filter>Header Files</Filter>
    </ClInclude>
    <ClInclude Include="dmrgView.h">
      <Filter>Header Files</Filter>
    </ClInclude>
    <ClInclude Include="Resource.h">
      <Filter>Header Files</Filter>
    </ClInclude>
    <ClInclude Include="DMRGAlgorithm.h">
      <Filter>Header Files</Filter>
    </ClInclude>
    <ClInclude Include="Block.h">
      <Filter>Header Files</Filter>
    </ClInclude>
    <ClInclude Include="Hamiltonian.h">
      <Filter>Header Files</Filter>
    </ClInclude>
    <ClInclude Include="Operator.h">
      <Filter>Header Files</Filter>
    </ClInclude>
    <ClInclude Include="SiteOperator.h">
      <Filter>Header Files</Filter>
    </ClInclude>
    <ClInclude Include="DiagonalizableOperator.h">
      <Filter>Header Files</Filter>
    </ClInclude>
    <ClInclude Include="DensityMatrix.h">
      <Filter>Header Files</Filter>
    </ClInclude>
    <ClInclude Include="GenericBlock.h">
      <Filter>Header Files</Filter>
    </ClInclude>
    <ClInclude Include="GenericDMRGAlgorithm.h">
      <Filter>Header Files</Filter>
    </ClInclude>
    <ClInclude Include="DMRGHeisenbergSpinOneHalf.h">
      <Filter>Header Files</Filter>
    </ClInclude>
    <ClInclude Include="DMRGHeisenbergSpinOne.h">
      <Filter>Header Files</Filter>
    </ClInclude>
    <ClInclude Include="Chart.h">
      <Filter>Header Files</Filter>
    </ClInclude>
    <ClInclude Include="NumberEdit.h">
      <Filter>Header Files</Filter>
    </ClInclude>
    <ClInclude Include="ComputationThread.h">
      <Filter>Header Files</Filter>
    </ClInclude>
    <ClInclude Include="DMRGThread.h">
      <Filter>Header Files</Filter>
    </ClInclude>
    <ClInclude Include="Options.h">
      <Filter>Header Files</Filter>
    </ClInclude>
    <ClInclude Include="OptionsPropertySheet.h">
      <Filter>Header Files</Filter>
    </ClInclude>
    <ClInclude Include="DmrgPropertyPage.h">
      <Filter>Header Files</Filter>
    </ClInclude>
    <ClInclude Include="DMRGAlgorithm.inl">
      <Filter>Header Files</Filter>
    </ClInclude>
    <ClInclude Include="Block.inl">
      <Filter>Header Files</Filter>
    </ClInclude>
    <ClInclude Include="GenericBlock.inl">
      <Filter>Header Files</Filter>
    </ClInclude>
    <ClInclude Include="GenericDMRGAlgorithm.inl">
      <Filter>Header Files</Filter>
    </ClInclude>
    <ClInclude Include="ChartPropertyPage.h">
      <Filter>Header Files</Filter>
    </ClInclude>
  </ItemGroup>
  <ItemGroup>
    <ClCompile Include="stdafx.cpp">
      <Filter>Source Files</Filter>
    </ClCompile>
    <ClCompile Include="MainFrm.cpp">
      <Filter>Source Files</Filter>
    </ClCompile>
    <ClCompile Include="dmrgDoc.cpp">
      <Filter>Source Files</Filter>
    </ClCompile>
    <ClCompile Include="dmrgView.cpp">
      <Filter>Source Files</Filter>
    </ClCompile>
    <ClCompile Include="Hamiltonian.cpp">
      <Filter>Source Files</Filter>
    </ClCompile>
    <ClCompile Include="Operator.cpp">
      <Filter>Source Files</Filter>
    </ClCompile>
    <ClCompile Include="SiteOperator.cpp">
      <Filter>Source Files</Filter>
    </ClCompile>
    <ClCompile Include="DiagonalizableOperator.cpp">
      <Filter>Source Files</Filter>
    </ClCompile>
    <ClCompile Include="DensityMatrix.cpp">
      <Filter>Source Files</Filter>
    </ClCompile>
    <ClCompile Include="dmrg.cpp">
      <Filter>Source Files</Filter>
    </ClCompile>
    <ClCompile Include="DMRGHeisenbergSpinOneHalf.cpp">
      <Filter>Source Files</Filter>
    </ClCompile>
    <ClCompile Include="DMRGHeisenbergSpinOne.cpp">
      <Filter>Source Files</Filter>
    </ClCompile>
    <ClCompile Include="Chart.cpp">
      <Filter>Source Files</Filter>
    </ClCompile>
    <ClCompile Include="NumberEdit.cpp">
      <Filter>Source Files</Filter>
    </ClCompile>
    <ClCompile Include="ComputationThread.cpp">
      <Filter>Source Files</Filter>
    </ClCompile>
    <ClCompile Include="DMRGThread.cpp">
      <Filter>Source Files</Filter>
    </ClCompile>
    <ClCompile Include="Options.cpp">
      <Filter>Source Files</Filter>
    </ClCompile>
    <ClCompile Include="OptionsPropertySheet.cpp">
      <Filter>Source Files</Filter>
    </ClCompile>
    <ClCompile Include="DmrgPropertyPage.cpp">
      <Filter>Source Files</Filter>
    </ClCompile>
    <ClCompile Include="ChartPropertyPage.cpp">
      <Filter>Source Files</Filter>
    </ClCompile>
  </ItemGroup>
  <ItemGroup>
    <ResourceCompile Include="dmrg.rc">
      <Filter>Resource Files</Filter>
    </ResourceCompile>
  </ItemGroup>
  <ItemGroup>
    <Image Include="UserImages.bmp">
      <Filter>Resource Files</Filter>
    </Image>
    <Image Include="res\dmrgDoc.ico">
      <Filter>Resource Files</Filter>
    </Image>
    <Image Include="res\dmrg.ico">
      <Filter>Resource Files</Filter>
    </Image>
    <Image Include="res\Toolbar.bmp">
      <Filter>Resource Files</Filter>
    </Image>
    <Image Include="res\Toolbar256.bmp">
      <Filter>Resource Files</Filter>
    </Image>
  </ItemGroup>
  <ItemGroup>
    <None Include="res\dmrg.rc2">
      <Filter>Resource Files</Filter>
    </None>
  </ItemGroup>
</Project>